Microsoft Visual Studio Solution File, Format Version 11.00
# Visual Studio 2008

Project("{BAAD878C-A4FD-A143-EDD1-19341B0C0B83}") = "Hidess", "Assembly-CSharp-firstpass-vs.csproj", "{674954C6-6A06-47C6-0DA5-FFD86C0AC919}"
EndProject
Project("{BAAD878C-A4FD-A143-EDD1-19341B0C0B83}") = "Hidess", "Assembly-CSharp-vs.csproj", "{C10D2E40-1708-60EA-C7C2-A2DA46E05495}"
EndProject
Global
	GlobalSection(SolutionConfigurationPlatforms) = preSolution
		Debug|Any CPU = Debug|Any CPU
		Release|Any CPU = Release|Any CPU
	EndGlobalSection
	GlobalSection(ProjectConfigurationPlatforms) = postSolution
		{674954C6-6A06-47C6-0DA5-FFD86C0AC919}.Debug|Any CPU.ActiveCfg = Debug|Any CPU
		{674954C6-6A06-47C6-0DA5-FFD86C0AC919}.Debug|Any CPU.Build.0 = Debug|Any CPU
		{674954C6-6A06-47C6-0DA5-FFD86C0AC919}.Release|Any CPU.ActiveCfg = Release|Any CPU
		{674954C6-6A06-47C6-0DA5-FFD86C0AC919}.Release|Any CPU.Build.0 = Release|Any CPU
		{C10D2E40-1708-60EA-C7C2-A2DA46E05495}.Debug|Any CPU.ActiveCfg = Debug|Any CPU
		{C10D2E40-1708-60EA-C7C2-A2DA46E05495}.Debug|Any CPU.Build.0 = Debug|Any CPU
		{C10D2E40-1708-60EA-C7C2-A2DA46E05495}.Release|Any CPU.ActiveCfg = Release|Any CPU
		{C10D2E40-1708-60EA-C7C2-A2DA46E05495}.Release|Any CPU.Build.0 = Release|Any CPU
	EndGlobalSection
	GlobalSection(SolutionProperties) = preSolution
		HideSolutionNode = FALSE
	EndGlobalSection
		GlobalSection(MonoDevelopProperties) = preSolution
		StartupItem = Assembly-CSharp.csproj
		Policies = $0
		$0.TextStylePolicy = $1
		$1.inheritsSet = null
		$1.scope = text/x-csharp
		$0.CSharpFormattingPolicy = $2
		$2.inheritsSet = Mono
		$2.inheritsScope = text/x-csharp
		$2.scope = text/x-csharp
		$0.TextStylePolicy = $3
		$3.FileWidth = 120
		$3.TabWidth = 4
		$3.IndentWidth = 4
		$3.EolMarker = Unix
		$3.inheritsSet = Mono
		$3.inheritsScope = text/plain
		$3.scope = text/plain
	EndGlobalSection

EndGlobal
